
Microsoft Visual Studio Solution File, Format Version 12.00
# Visual Studio 2013
VisualStudioVersion = 12.0.31101.0
MinimumVisualStudioVersion = 10.0.40219.1
Project("{FAE04EC0-301F-11D3-BF4B-00C04F79EFBC}") = "QueueTracker", "QueueTracker\QueueTracker.csproj", "{44BFAD96-AD09-4744-AB98-5FC0FB57BEAD}"
EndProject
Project("{FAE04EC0-301F-11D3-BF4B-00C04F79EFBC}") = "QueueTracker.Tests", "QueueTracker.Tests\QueueTracker.Tests.csproj", "{07FEF512-9D0A-4D25-AC3E-5BD7F0130BB2}"
EndProject
Global
	GlobalSection(SolutionConfigurationPlatforms) = preSolution
		Debug|Any CPU = Debug|Any CPU
		Release|Any CPU = Release|Any CPU
	EndGlobalSection
	GlobalSection(ProjectConfigurationPlatforms) = postSolution
		{44BFAD96-AD09-4744-AB98-5FC0FB57BEAD}.Debug|Any CPU.ActiveCfg = Debug|Any CPU
		{44BFAD96-AD09-4744-AB98-5FC0FB57BEAD}.Debug|Any CPU.Build.0 = Debug|Any CPU
		{44BFAD96-AD09-4744-AB98-5FC0FB57BEAD}.Release|Any CPU.ActiveCfg = Release|Any CPU
		{44BFAD96-AD09-4744-AB98-5FC0FB57BEAD}.Release|Any CPU.Build.0 = Release|Any CPU
		{07FEF512-9D0A-4D25-AC3E-5BD7F0130BB2}.Debug|Any CPU.ActiveCfg = Debug|Any CPU
		{07FEF512-9D0A-4D25-AC3E-5BD7F0130BB2}.Debug|Any CPU.Build.0 = Debug|Any CPU
		{07FEF512-9D0A-4D25-AC3E-5BD7F0130BB2}.Release|Any CPU.ActiveCfg = Release|Any CPU
		{07FEF512-9D0A-4D25-AC3E-5BD7F0130BB2}.Release|Any CPU.Build.0 = Release|Any CPU
	EndGlobalSection
	GlobalSection(SolutionProperties) = preSolution
		HideSolutionNode = FALSE
	EndGlobalSection
EndGlobal
